github.com/Julusian/godocdown v0.0.0-20170816220326-6d19f8ff2df8/go.mod h1:INZr5t32rG59/5xeltqoCJoNY7e5x/3xoY9WSWVWg74=
github.com/bbalet/stopwords v1.0.0 h1:0TnGycCtY0zZi4ltKoOGRFIlZHv0WqpoIGUsObjztfo=
github.com/bbalet/stopwords v1.0.0/go.mod h1:sAWrQoDMfqARGIn4s6dp7OW7ISrshUD8IP2q3KoqPjc=
github.com/blevesearch/segment v0.9.0 h1:5lG7yBCx98or7gK2cHMKPukPZ/31Kag7nONpoBt22Ac=
github.com/blevesearch/segment v0.9.0/go.mod h1:9PfHYUdQCgHktBgvtUOF4x+pc4/l8rdH0u5spnW85UQ=
github.com/davecgh/go-spew v1.1.0/go.mod h1:J7Y8YcW2NihsgmVo/mv3lAwl/skON4iLHjSsI+c5H38=
github.com/dvyukov/go-fuzz v0.0.0-20220220162807-a217d9bdbece h1:6BGhEtGBmkgr8TKLjMBBMpvM/fK0GHj4prrkK1tYPcA=
github.com/dvyukov/go-fuzz v0.0.0-20220220162807-a217d9bdbece/go.mod h1:11Gm+ccJnvAhCNLlf5+cS9KjtbaD5I5zaZpFMsTHWTw=
github.com/elazarl/go-bindata-assetfs v1.0.1 h1:m0kkaHRKEu7tUIUFVwhGGGYClXvyl4RE03qmvRTNfbw=
github.com/elazarl/go-bindata-assetfs v1.0.1/go.mod h1:v+YaWX3bdea5J/mo8dSETolEo7R71Vk1u8bnjau5yw4=
github.com/pmezard/go-difflib v1.0.0/go.mod h1:iKH77koFhYxTK1pcRnkKkqfTogsbg7gZNVY4sRDYZ/4=
github.com/robertkrimen/godocdown v0.0.0-20130622164427-0bfa04905481/go.mod h1:C9WhFzY47SzYBIvzFqSvHIR6ROgDo4TtdTuRaOMjF/s=
github.com/stephens2424/writerset v1.0.2 h1:znRLgU6g8RS5euYRcy004XeE4W+Tu44kALzy7ghPif8=
github.com/stephens2424/writerset v1.0.2/go.mod h1:aS2JhsMn6eA7e82oNmW4rfsgAOp9COBTTl8mzkwADnc=
github.com/stretchr/objx v0.1.0/go.mod h1:HFkY916IF+rwdDfMAkV7OtwuqBVzrE8GR6GFx+wExME=
github.com/stretchr/testify v1.3.0/go.mod h1:M5WIy9Dh21IEIfnGCwXGc5bZfKNJtfHm1UVUgZn+9EI=
golang.org/x/text v0.3.7 h1:olpwvP2KacW1ZWvsR7uQhoyTYvKAupfQrRGBFM352Gk=
golang.org/x/text v0.3.7/go.mod h1:u+2+/6zg+i71rQMx5EYifcz6MCKuco9NR6JIITiCfzQ=
golang.org/x/tools v0.0.0-20180917221912-90fa682c2a6e h1:FDhOuMEY4JVRztM/gsbk+IKUQ8kj74bxZrgw87eMMVc=
golang.org/x/tools v0.0.0-20180917221912-90fa682c2a6e/go.mod h1:n7NCudcB/nEzxVGmLbDWY5pfWTLqBcC2KZ6jyYvM4mQ=
